
Microsoft Visual Studio Solution File, Format Version 12.00
# Visual Studio Version 16
VisualStudioVersion = 16.0.29319.158
MinimumVisualStudioVersion = 10.0.40219.1
Project("{FAE04EC0-301F-11D3-BF4B-00C04F79EFBC}") = "DemoWebAPI", "DemoWebAPI\DemoWebAPI.csproj", "{46C4FB78-0206-48B0-BAF7-49696C1AD3A2}"
EndProject
Project("{FAE04EC0-301F-11D3-BF4B-00C04F79EFBC}") = "MovieDomain", "MovieDomain\MovieDomain.csproj", "{6F538D71-69B9-442D-BDFB-E4F01C26F48F}"
EndProject
Project("{FAE04EC0-301F-11D3-BF4B-00C04F79EFBC}") = "MovieDomainServices", "MovieDomainServices\MovieDomainServices.csproj", "{824159DA-2313-45AB-95A1-12F15F63D589}"
EndProject
Project("{FAE04EC0-301F-11D3-BF4B-00C04F79EFBC}") = "MovieInfrastructure", "MovieInfrastructure\MovieInfrastructure.csproj", "{6E03F894-BD89-4FFE-A6D5-1EDC99827FB9}"
EndProject
Global
	GlobalSection(SolutionConfigurationPlatforms) = preSolution
		Debug|Any CPU = Debug|Any CPU
		Release|Any CPU = Release|Any CPU
	EndGlobalSection
	GlobalSection(ProjectConfigurationPlatforms) = postSolution
		{46C4FB78-0206-48B0-BAF7-49696C1AD3A2}.Debug|Any CPU.ActiveCfg = Debug|Any CPU
		{46C4FB78-0206-48B0-BAF7-49696C1AD3A2}.Debug|Any CPU.Build.0 = Debug|Any CPU
		{46C4FB78-0206-48B0-BAF7-49696C1AD3A2}.Release|Any CPU.ActiveCfg = Release|Any CPU
		{46C4FB78-0206-48B0-BAF7-49696C1AD3A2}.Release|Any CPU.Build.0 = Release|Any CPU
		{6F538D71-69B9-442D-BDFB-E4F01C26F48F}.Debug|Any CPU.ActiveCfg = Debug|Any CPU
		{6F538D71-69B9-442D-BDFB-E4F01C26F48F}.Debug|Any CPU.Build.0 = Debug|Any CPU
		{6F538D71-69B9-442D-BDFB-E4F01C26F48F}.Release|Any CPU.ActiveCfg = Release|Any CPU
		{6F538D71-69B9-442D-BDFB-E4F01C26F48F}.Release|Any CPU.Build.0 = Release|Any CPU
		{824159DA-2313-45AB-95A1-12F15F63D589}.Debug|Any CPU.ActiveCfg = Debug|Any CPU
		{824159DA-2313-45AB-95A1-12F15F63D589}.Debug|Any CPU.Build.0 = Debug|Any CPU
		{824159DA-2313-45AB-95A1-12F15F63D589}.Release|Any CPU.ActiveCfg = Release|Any CPU
		{824159DA-2313-45AB-95A1-12F15F63D589}.Release|Any CPU.Build.0 = Release|Any CPU
		{6E03F894-BD89-4FFE-A6D5-1EDC99827FB9}.Debug|Any CPU.ActiveCfg = Debug|Any CPU
		{6E03F894-BD89-4FFE-A6D5-1EDC99827FB9}.Debug|Any CPU.Build.0 = Debug|Any CPU
		{6E03F894-BD89-4FFE-A6D5-1EDC99827FB9}.Release|Any CPU.ActiveCfg = Release|Any CPU
		{6E03F894-BD89-4FFE-A6D5-1EDC99827FB9}.Release|Any CPU.Build.0 = Release|Any CPU
	EndGlobalSection
	GlobalSection(SolutionProperties) = preSolution
		HideSolutionNode = FALSE
	EndGlobalSection
	GlobalSection(ExtensibilityGlobals) = postSolution
		SolutionGuid = {903C70BE-FD56-4592-B7F2-BC60471FF7AA}
	EndGlobalSection
EndGlobal
